
Microsoft Visual Studio Solution File, Format Version 12.00
# Visual Studio Version 17
VisualStudioVersion = 17.6.33815.320
MinimumVisualStudioVersion = 10.0.40219.1
Project("{8BC9CEB8-8B4A-11D0-8D11-00A0C91BC942}") = "SampleDLL", "SampleDLL.vcxproj", "{AF6E7A47-1238-4EA8-AC8C-6D3A53A6EE21}"
EndProject
Project("{8BC9CEB8-8B4A-11D0-8D11-00A0C91BC942}") = "ConsoleApplication1", "..\ConsoleApplication1\ConsoleApplication1.vcxproj", "{6F672B1E-1642-401D-AD9F-82F60F364A19}"
EndProject
Global
	GlobalSection(SolutionConfigurationPlatforms) = preSolution
		Debug|x64 = Debug|x64
		Debug|x86 = Debug|x86
		Release|x64 = Release|x64
		Release|x86 = Release|x86
	EndGlobalSection
	GlobalSection(ProjectConfigurationPlatforms) = postSolution
		{AF6E7A47-1238-4EA8-AC8C-6D3A53A6EE21}.Debug|x64.ActiveCfg = Debug|x64
		{AF6E7A47-1238-4EA8-AC8C-6D3A53A6EE21}.Debug|x64.Build.0 = Debug|x64
		{AF6E7A47-1238-4EA8-AC8C-6D3A53A6EE21}.Debug|x86.ActiveCfg = Debug|Win32
		{AF6E7A47-1238-4EA8-AC8C-6D3A53A6EE21}.Debug|x86.Build.0 = Debug|Win32
		{AF6E7A47-1238-4EA8-AC8C-6D3A53A6EE21}.Release|x64.ActiveCfg = Release|x64
		{AF6E7A47-1238-4EA8-AC8C-6D3A53A6EE21}.Release|x64.Build.0 = Release|x64
		{AF6E7A47-1238-4EA8-AC8C-6D3A53A6EE21}.Release|x86.ActiveCfg = Release|Win32
		{AF6E7A47-1238-4EA8-AC8C-6D3A53A6EE21}.Release|x86.Build.0 = Release|Win32
		{6F672B1E-1642-401D-AD9F-82F60F364A19}.Debug|x64.ActiveCfg = Debug|x64
		{6F672B1E-1642-401D-AD9F-82F60F364A19}.Debug|x64.Build.0 = Debug|x64
		{6F672B1E-1642-401D-AD9F-82F60F364A19}.Debug|x86.ActiveCfg = Debug|Win32
		{6F672B1E-1642-401D-AD9F-82F60F364A19}.Debug|x86.Build.0 = Debug|Win32
		{6F672B1E-1642-401D-AD9F-82F60F364A19}.Release|x64.ActiveCfg = Release|x64
		{6F672B1E-1642-401D-AD9F-82F60F364A19}.Release|x64.Build.0 = Release|x64
		{6F672B1E-1642-401D-AD9F-82F60F364A19}.Release|x86.ActiveCfg = Release|Win32
		{6F672B1E-1642-401D-AD9F-82F60F364A19}.Release|x86.Build.0 = Release|Win32
	EndGlobalSection
	GlobalSection(SolutionProperties) = preSolution
		HideSolutionNode = FALSE
	EndGlobalSection
	GlobalSection(ExtensibilityGlobals) = postSolution
		SolutionGuid = {8056358D-BC68-4ACD-BE29-763BAFA00EFE}
	EndGlobalSection
EndGlobal
